<Solution>
  <Folder Name="/Solution Items/">
    <File Path=".editorconfig" />
  </Folder>
  <Folder Name="/Solution Items/.github/" />
  <Folder Name="/Solution Items/.github/workflows/">
    <File Path="main.yml" />
  </Folder>
  <Project Path="Sequoia.Core/Sequoia.Core.csproj" />
  <Project Path="Sequoia.Web.Client/Sequoia.Web.Client.csproj" />
  <Project Path="Sequoia.Web.Server/Sequoia.Web.Server.csproj" />
</Solution>
